{
  "name": "autoru-frontend",
  "requires": true,
  "lockfileVersion": 1,
  "dependencies": {
    "npm-bug-repo1": {
      "version": "git+ssh://git@github.com/doochik/npm-bug-repo1.git#5aab09e7583778c78bc2580c531f4d170fe7526a",
      "from": "git+ssh://git@github.com/doochik/npm-bug-repo1.git#v0.1.2",
      "dependencies": {
        "npm-bug-repo2": {
          "version": "git+ssh://git@github.com/doochik/npm-bug-repo2.git#9acedd93dcdfb65a4795ec3a43da6411a5242492",
          "from": "git+ssh://git@github.com/doochik/npm-bug-repo2.git#9acedd93dcdfb65a4795ec3a43da6411a5242492"
        }
      }
    }
  }
}
